PODS:
  - ada-analytic-sdk (1.0.8):
    - AFNetworking (~> 4.0.0)
    - Reachability
  - AFNetworking (4.0.0):
    - AFNetworking/NSURLSession (= 4.0.0)
    - AFNetworking/Reachability (= 4.0.0)
    - AFNetworking/Security (= 4.0.0)
    - AFNetworking/Serialization (= 4.0.0)
    - AFNetworking/UIKit (= 4.0.0)
  - AFNetworking/NSURLSession (4.0.0):
    - AFNetworking/Reachability
    - AFNetworking/Security
    - AFNetworking/Serialization
  - AFNetworking/Reachability (4.0.0)
  - AFNetworking/Security (4.0.0)
  - AFNetworking/Serialization (4.0.0)
  - AFNetworking/UIKit (4.0.0):
    - AFNetworking/NSURLSession
  - Reachability (3.2)

DEPENDENCIES:
  - ada-analytic-sdk (from `../`)

SPEC REPOS:
  trunk:
    - AFNetworking
    - Reachability

EXTERNAL SOURCES:
  ada-analytic-sdk:
    :path: "../"

SPEC CHECKSUMS:
  ada-analytic-sdk: 2d33ab6cccc79cc481343f1115d02389b9ad0c5d
  AFNetworking: d9fdf484a3c723ec3c558a41cc5754c7e845ee77
  Reachability: 33e18b67625424e47b6cde6d202dce689ad7af96

PODFILE CHECKSUM: 6fe9373ceef80e6747dacad900eae09c6f99b292

COCOAPODS: 1.9.1
